<?xml version="1.0" encoding="UTF-8"?>
<Project ToolsVersion="12.0" xmlns="http://schemas.microsoft.com/developer/msbuild/2003">
  <ItemGroup>
    <ClCompile Include="F:\vtk\IO\Parallel\vtkEnSightWriter.cxx">
      <Filter>Source Files</Filter>
    </ClCompile>
    <ClCompile Include="F:\vtk\IO\Parallel\vtkMultiBlockPLOT3DReader.cxx">
      <Filter>Source Files</Filter>
    </ClCompile>
    <ClCompile Include="F:\vtk\IO\Parallel\vtkMultiBlockPLOT3DReaderInternals.cxx">
      <Filter>Source Files</Filter>
    </ClCompile>
    <ClCompile Include="F:\vtk\IO\Parallel\vtkPlot3DMetaReader.cxx">
      <Filter>Source Files</Filter>
    </ClCompile>
    <ClCompile Include="F:\vtk\IO\Parallel\vtkPChacoReader.cxx">
      <Filter>Source Files</Filter>
    </ClCompile>
    <ClCompile Include="F:\vtk\IO\Parallel\vtkPDataSetReader.cxx">
      <Filter>Source Files</Filter>
    </ClCompile>
    <ClCompile Include="F:\vtk\IO\Parallel\vtkPDataSetWriter.cxx">
      <Filter>Source Files</Filter>
    </ClCompile>
    <ClCompile Include="F:\vtk\IO\Parallel\vtkPImageWriter.cxx">
      <Filter>Source Files</Filter>
    </ClCompile>
    <ClCompile Include="F:\vtk\IO\Parallel\vtkPOpenFOAMReader.cxx">
      <Filter>Source Files</Filter>
    </ClCompile>
    <ClCompile Include="F:\vtk\IO\Parallel\vtkPSLACReader.cxx">
      <Filter>Source Files</Filter>
    </ClCompile>
  </ItemGroup>
  <ItemGroup>
    <ClInclude Include="F:\vtk\IO\Parallel\vtkEnSightWriter.h">
      <Filter>Header Files</Filter>
    </ClInclude>
    <ClInclude Include="F:\vtk\IO\Parallel\vtkMultiBlockPLOT3DReader.h">
      <Filter>Header Files</Filter>
    </ClInclude>
    <ClInclude Include="F:\vtk\IO\Parallel\vtkMultiBlockPLOT3DReaderInternals.h">
      <Filter>Header Files</Filter>
    </ClInclude>
    <ClInclude Include="F:\vtk\IO\Parallel\vtkPlot3DMetaReader.h">
      <Filter>Header Files</Filter>
    </ClInclude>
    <ClInclude Include="F:\vtk\IO\Parallel\vtkPChacoReader.h">
      <Filter>Header Files</Filter>
    </ClInclude>
    <ClInclude Include="F:\vtk\IO\Parallel\vtkPDataSetReader.h">
      <Filter>Header Files</Filter>
    </ClInclude>
    <ClInclude Include="F:\vtk\IO\Parallel\vtkPDataSetWriter.h">
      <Filter>Header Files</Filter>
    </ClInclude>
    <ClInclude Include="F:\vtk\IO\Parallel\vtkPImageWriter.h">
      <Filter>Header Files</Filter>
    </ClInclude>
    <ClInclude Include="F:\vtk\IO\Parallel\vtkPOpenFOAMReader.h">
      <Filter>Header Files</Filter>
    </ClInclude>
    <ClInclude Include="F:\vtk\IO\Parallel\vtkPSLACReader.h">
      <Filter>Header Files</Filter>
    </ClInclude>
    <ClInclude Include="F:\vtk\IO\Parallel\vtkIOParallelModule.h">
      <Filter>Header Files</Filter>
    </ClInclude>
  </ItemGroup>
  <ItemGroup>
    <CustomBuild Include="F:\vtk\IO\Parallel\CMakeLists.txt" />
  </ItemGroup>
  <ItemGroup>
    <Filter Include="Source Files">
      <UniqueIdentifier>{797F6FAB-C225-346D-8F45-B54B8994F519}</UniqueIdentifier>
    </Filter>
    <Filter Include="Header Files">
      <UniqueIdentifier>{125DA297-9B08-34EA-A198-AED9CB8F7BC5}</UniqueIdentifier>
    </Filter>
  </ItemGroup>
</Project>
