<?xml version="1.0" encoding="UTF-8"?>
<Project ToolsVersion="12.0" xmlns="http://schemas.microsoft.com/developer/msbuild/2003">
  <ItemGroup>
    <ClCompile Include="F:\vtk\Rendering\Volume\Testing\Cxx\vtkRenderingVolumeCxxTests.cxx">
      <Filter>Source Files</Filter>
    </ClCompile>
    <ClCompile Include="F:\VTK8.0\VTK\Rendering\Volume\Testing\Cxx\ProjectedTetrahedraZoomIn.cxx">
      <Filter>Source Files</Filter>
    </ClCompile>
    <ClCompile Include="F:\VTK8.0\VTK\Rendering\Volume\Testing\Cxx\TestFinalColorWindowLevel.cxx">
      <Filter>Source Files</Filter>
    </ClCompile>
    <ClCompile Include="F:\VTK8.0\VTK\Rendering\Volume\Testing\Cxx\TestFixedPointRayCastLightComponents.cxx">
      <Filter>Source Files</Filter>
    </ClCompile>
    <ClCompile Include="F:\VTK8.0\VTK\Rendering\Volume\Testing\Cxx\TestGPURayCastAdditive.cxx">
      <Filter>Source Files</Filter>
    </ClCompile>
    <ClCompile Include="F:\VTK8.0\VTK\Rendering\Volume\Testing\Cxx\TestGPURayCastCompositeBinaryMask.cxx">
      <Filter>Source Files</Filter>
    </ClCompile>
    <ClCompile Include="F:\VTK8.0\VTK\Rendering\Volume\Testing\Cxx\TestGPURayCastCompositeMaskBlend.cxx">
      <Filter>Source Files</Filter>
    </ClCompile>
    <ClCompile Include="F:\VTK8.0\VTK\Rendering\Volume\Testing\Cxx\TestGPURayCastCompositeMask.cxx">
      <Filter>Source Files</Filter>
    </ClCompile>
    <ClCompile Include="F:\VTK8.0\VTK\Rendering\Volume\Testing\Cxx\TestGPURayCastCompositeToMIP.cxx">
      <Filter>Source Files</Filter>
    </ClCompile>
    <ClCompile Include="F:\VTK8.0\VTK\Rendering\Volume\Testing\Cxx\TestGPURayCastCropping.cxx">
      <Filter>Source Files</Filter>
    </ClCompile>
    <ClCompile Include="F:\VTK8.0\VTK\Rendering\Volume\Testing\Cxx\TestGPURayCastDataTypesMinIP.cxx">
      <Filter>Source Files</Filter>
    </ClCompile>
    <ClCompile Include="F:\VTK8.0\VTK\Rendering\Volume\Testing\Cxx\TestGPURayCastDataTypesMIP.cxx">
      <Filter>Source Files</Filter>
    </ClCompile>
    <ClCompile Include="F:\VTK8.0\VTK\Rendering\Volume\Testing\Cxx\TestGPURayCastFourComponentsComposite.cxx">
      <Filter>Source Files</Filter>
    </ClCompile>
    <ClCompile Include="F:\VTK8.0\VTK\Rendering\Volume\Testing\Cxx\TestGPURayCastFourComponentsCompositeStreaming.cxx">
      <Filter>Source Files</Filter>
    </ClCompile>
    <ClCompile Include="F:\VTK8.0\VTK\Rendering\Volume\Testing\Cxx\TestGPURayCastFourComponentsMinIP.cxx">
      <Filter>Source Files</Filter>
    </ClCompile>
    <ClCompile Include="F:\VTK8.0\VTK\Rendering\Volume\Testing\Cxx\TestGPURayCastFourComponentsMIP.cxx">
      <Filter>Source Files</Filter>
    </ClCompile>
    <ClCompile Include="F:\VTK8.0\VTK\Rendering\Volume\Testing\Cxx\TestGPURayCastMapperBenchmark.cxx">
      <Filter>Source Files</Filter>
    </ClCompile>
    <ClCompile Include="F:\VTK8.0\VTK\Rendering\Volume\Testing\Cxx\TestGPURayCastMIPBinaryMask.cxx">
      <Filter>Source Files</Filter>
    </ClCompile>
    <ClCompile Include="F:\VTK8.0\VTK\Rendering\Volume\Testing\Cxx\TestGPURayCastMIPToComposite.cxx">
      <Filter>Source Files</Filter>
    </ClCompile>
    <ClCompile Include="F:\VTK8.0\VTK\Rendering\Volume\Testing\Cxx\TestGPURayCastNearestDataTypesMIP.cxx">
      <Filter>Source Files</Filter>
    </ClCompile>
    <ClCompile Include="F:\VTK8.0\VTK\Rendering\Volume\Testing\Cxx\TestGPURayCastPerspectiveParallel.cxx">
      <Filter>Source Files</Filter>
    </ClCompile>
    <ClCompile Include="F:\VTK8.0\VTK\Rendering\Volume\Testing\Cxx\TestGPURayCastVolumeOrientation.cxx">
      <Filter>Source Files</Filter>
    </ClCompile>
    <ClCompile Include="F:\VTK8.0\VTK\Rendering\Volume\Testing\Cxx\TestGPURayCastVolumeUpdate.cxx">
      <Filter>Source Files</Filter>
    </ClCompile>
    <ClCompile Include="F:\VTK8.0\VTK\Rendering\Volume\Testing\Cxx\TestGPUVolumeRayCastMapper.cxx">
      <Filter>Source Files</Filter>
    </ClCompile>
    <ClCompile Include="F:\VTK8.0\VTK\Rendering\Volume\Testing\Cxx\TestMinIntensityRendering.cxx">
      <Filter>Source Files</Filter>
    </ClCompile>
    <ClCompile Include="F:\VTK8.0\VTK\Rendering\Volume\Testing\Cxx\TestProjectedTetrahedra.cxx">
      <Filter>Source Files</Filter>
    </ClCompile>
    <ClCompile Include="F:\VTK8.0\VTK\Rendering\Volume\Testing\Cxx\TestSmartVolumeMapper.cxx">
      <Filter>Source Files</Filter>
    </ClCompile>
    <ClCompile Include="F:\VTK8.0\VTK\Rendering\Volume\Testing\Cxx\TestSmartVolumeMapperWindowLevel.cxx">
      <Filter>Source Files</Filter>
    </ClCompile>
    <ClCompile Include="F:\VTK8.0\VTK\Rendering\Volume\Testing\Cxx\TestGPURayCastCompositeBinaryMask1.cxx">
      <Filter>Source Files</Filter>
    </ClCompile>
    <ClCompile Include="F:\VTK8.0\VTK\Rendering\Volume\Testing\Cxx\TestGPURayCastAverageIP.cxx">
      <Filter>Source Files</Filter>
    </ClCompile>
    <ClCompile Include="F:\VTK8.0\VTK\Rendering\Volume\Testing\Cxx\TestGPURayCastBlendModes.cxx">
      <Filter>Source Files</Filter>
    </ClCompile>
    <ClCompile Include="F:\VTK8.0\VTK\Rendering\Volume\Testing\Cxx\TestGPURayCastCameraInside.cxx">
      <Filter>Source Files</Filter>
    </ClCompile>
    <ClCompile Include="F:\VTK8.0\VTK\Rendering\Volume\Testing\Cxx\TestGPURayCastCameraInsideClipping.cxx">
      <Filter>Source Files</Filter>
    </ClCompile>
    <ClCompile Include="F:\VTK8.0\VTK\Rendering\Volume\Testing\Cxx\TestGPURayCastCameraInsideSmallSpacing.cxx">
      <Filter>Source Files</Filter>
    </ClCompile>
    <ClCompile Include="F:\VTK8.0\VTK\Rendering\Volume\Testing\Cxx\TestGPURayCastCameraInsideTransformation.cxx">
      <Filter>Source Files</Filter>
    </ClCompile>
    <ClCompile Include="F:\VTK8.0\VTK\Rendering\Volume\Testing\Cxx\TestGPURayCastCellData.cxx">
      <Filter>Source Files</Filter>
    </ClCompile>
    <ClCompile Include="F:\VTK8.0\VTK\Rendering\Volume\Testing\Cxx\TestGPURayCastClipping.cxx">
      <Filter>Source Files</Filter>
    </ClCompile>
    <ClCompile Include="F:\VTK8.0\VTK\Rendering\Volume\Testing\Cxx\TestGPURayCastClippingPolyData.cxx">
      <Filter>Source Files</Filter>
    </ClCompile>
    <ClCompile Include="F:\VTK8.0\VTK\Rendering\Volume\Testing\Cxx\TestGPURayCastClippingUserTransform.cxx">
      <Filter>Source Files</Filter>
    </ClCompile>
    <ClCompile Include="F:\VTK8.0\VTK\Rendering\Volume\Testing\Cxx\TestGPURayCastDependentComponentsLightParameters.cxx">
      <Filter>Source Files</Filter>
    </ClCompile>
    <ClCompile Include="F:\VTK8.0\VTK\Rendering\Volume\Testing\Cxx\TestGPURayCastDepthPeeling.cxx">
      <Filter>Source Files</Filter>
    </ClCompile>
    <ClCompile Include="F:\VTK8.0\VTK\Rendering\Volume\Testing\Cxx\TestGPURayCastDepthPeelingBlendModes.cxx">
      <Filter>Source Files</Filter>
    </ClCompile>
    <ClCompile Include="F:\VTK8.0\VTK\Rendering\Volume\Testing\Cxx\TestGPURayCastDepthPeelingOpaque.cxx">
      <Filter>Source Files</Filter>
    </ClCompile>
    <ClCompile Include="F:\VTK8.0\VTK\Rendering\Volume\Testing\Cxx\TestGPURayCastDepthPeelingTransVol.cxx">
      <Filter>Source Files</Filter>
    </ClCompile>
    <ClCompile Include="F:\VTK8.0\VTK\Rendering\Volume\Testing\Cxx\TestGPURayCastFourComponentsAdditive.cxx">
      <Filter>Source Files</Filter>
    </ClCompile>
    <ClCompile Include="F:\VTK8.0\VTK\Rendering\Volume\Testing\Cxx\TestGPURayCastFourComponentsAverage.cxx">
      <Filter>Source Files</Filter>
    </ClCompile>
    <ClCompile Include="F:\VTK8.0\VTK\Rendering\Volume\Testing\Cxx\TestGPURayCastFourComponentsDependentGradient.cxx">
      <Filter>Source Files</Filter>
    </ClCompile>
    <ClCompile Include="F:\VTK8.0\VTK\Rendering\Volume\Testing\Cxx\TestGPURayCastGradientOpacity.cxx">
      <Filter>Source Files</Filter>
    </ClCompile>
    <ClCompile Include="F:\VTK8.0\VTK\Rendering\Volume\Testing\Cxx\TestGPURayCastGradientOpacityLight.cxx">
      <Filter>Source Files</Filter>
    </ClCompile>
    <ClCompile Include="F:\VTK8.0\VTK\Rendering\Volume\Testing\Cxx\TestGPURayCastImageSampleXY.cxx">
      <Filter>Source Files</Filter>
    </ClCompile>
    <ClCompile Include="F:\VTK8.0\VTK\Rendering\Volume\Testing\Cxx\TestGPURayCastIndependentComponentsLightParameters.cxx">
      <Filter>Source Files</Filter>
    </ClCompile>
    <ClCompile Include="F:\VTK8.0\VTK\Rendering\Volume\Testing\Cxx\TestGPURayCastIndependentVectorMode.cxx">
      <Filter>Source Files</Filter>
    </ClCompile>
    <ClCompile Include="F:\VTK8.0\VTK\Rendering\Volume\Testing\Cxx\TestGPURayCastJittering.cxx">
      <Filter>Source Files</Filter>
    </ClCompile>
    <ClCompile Include="F:\VTK8.0\VTK\Rendering\Volume\Testing\Cxx\TestGPURayCastJitteringCustom.cxx">
      <Filter>Source Files</Filter>
    </ClCompile>
    <ClCompile Include="F:\VTK8.0\VTK\Rendering\Volume\Testing\Cxx\TestGPURayCastLargeColorTransferFunction.cxx">
      <Filter>Source Files</Filter>
    </ClCompile>
    <ClCompile Include="F:\VTK8.0\VTK\Rendering\Volume\Testing\Cxx\TestGPURayCastMapperSampleDistance.cxx">
      <Filter>Source Files</Filter>
    </ClCompile>
    <ClCompile Include="F:\VTK8.0\VTK\Rendering\Volume\Testing\Cxx\TestGPURayCastPositionalLights.cxx">
      <Filter>Source Files</Filter>
    </ClCompile>
    <ClCompile Include="F:\VTK8.0\VTK\Rendering\Volume\Testing\Cxx\TestGPURayCastReleaseResources.cxx">
      <Filter>Source Files</Filter>
    </ClCompile>
    <ClCompile Include="F:\VTK8.0\VTK\Rendering\Volume\Testing\Cxx\TestGPURayCastRenderDepthToImage.cxx">
      <Filter>Source Files</Filter>
    </ClCompile>
    <ClCompile Include="F:\VTK8.0\VTK\Rendering\Volume\Testing\Cxx\TestGPURayCastRenderDepthToImage2.cxx">
      <Filter>Source Files</Filter>
    </ClCompile>
    <ClCompile Include="F:\VTK8.0\VTK\Rendering\Volume\Testing\Cxx\TestGPURayCastRenderToTexture.cxx">
      <Filter>Source Files</Filter>
    </ClCompile>
    <ClCompile Include="F:\VTK8.0\VTK\Rendering\Volume\Testing\Cxx\TestGPURayCastTextureStreaming.cxx">
      <Filter>Source Files</Filter>
    </ClCompile>
    <ClCompile Include="F:\VTK8.0\VTK\Rendering\Volume\Testing\Cxx\TestGPURayCastThreeComponentsAdditive.cxx">
      <Filter>Source Files</Filter>
    </ClCompile>
    <ClCompile Include="F:\VTK8.0\VTK\Rendering\Volume\Testing\Cxx\TestGPURayCastThreeComponentsIndependent.cxx">
      <Filter>Source Files</Filter>
    </ClCompile>
    <ClCompile Include="F:\VTK8.0\VTK\Rendering\Volume\Testing\Cxx\TestGPURayCastTransfer2D.cxx">
      <Filter>Source Files</Filter>
    </ClCompile>
    <ClCompile Include="F:\VTK8.0\VTK\Rendering\Volume\Testing\Cxx\TestGPURayCastTwoComponentsDependent.cxx">
      <Filter>Source Files</Filter>
    </ClCompile>
    <ClCompile Include="F:\VTK8.0\VTK\Rendering\Volume\Testing\Cxx\TestGPURayCastTwoComponentsDependentGradient.cxx">
      <Filter>Source Files</Filter>
    </ClCompile>
    <ClCompile Include="F:\VTK8.0\VTK\Rendering\Volume\Testing\Cxx\TestGPURayCastTwoComponentsGradient.cxx">
      <Filter>Source Files</Filter>
    </ClCompile>
    <ClCompile Include="F:\VTK8.0\VTK\Rendering\Volume\Testing\Cxx\TestGPURayCastTwoComponentsIndependent.cxx">
      <Filter>Source Files</Filter>
    </ClCompile>
    <ClCompile Include="F:\VTK8.0\VTK\Rendering\Volume\Testing\Cxx\TestGPURayCastVolumeDepthPass.cxx">
      <Filter>Source Files</Filter>
    </ClCompile>
    <ClCompile Include="F:\VTK8.0\VTK\Rendering\Volume\Testing\Cxx\TestGPURayCastVolumeLightKit.cxx">
      <Filter>Source Files</Filter>
    </ClCompile>
    <ClCompile Include="F:\VTK8.0\VTK\Rendering\Volume\Testing\Cxx\TestGPURayCastVolumePicking.cxx">
      <Filter>Source Files</Filter>
    </ClCompile>
    <ClCompile Include="F:\VTK8.0\VTK\Rendering\Volume\Testing\Cxx\TestGPURayCastVolumePolyData.cxx">
      <Filter>Source Files</Filter>
    </ClCompile>
    <ClCompile Include="F:\VTK8.0\VTK\Rendering\Volume\Testing\Cxx\TestGPURayCastVolumeRotation.cxx">
      <Filter>Source Files</Filter>
    </ClCompile>
    <ClCompile Include="F:\VTK8.0\VTK\Rendering\Volume\Testing\Cxx\TestGPURayCastVolumeScale.cxx">
      <Filter>Source Files</Filter>
    </ClCompile>
    <ClCompile Include="F:\VTK8.0\VTK\Rendering\Volume\Testing\Cxx\TestMultiBlockMapper.cxx">
      <Filter>Source Files</Filter>
    </ClCompile>
    <ClCompile Include="F:\VTK8.0\VTK\Rendering\Volume\Testing\Cxx\TestProjectedTetrahedraOffscreen.cxx">
      <Filter>Source Files</Filter>
    </ClCompile>
    <ClCompile Include="F:\VTK8.0\VTK\Rendering\Volume\Testing\Cxx\TestProjectedTetrahedraTransform.cxx">
      <Filter>Source Files</Filter>
    </ClCompile>
    <ClCompile Include="F:\VTK8.0\VTK\Rendering\Volume\Testing\Cxx\TestRemoveVolumeNonCurrentContext.cxx">
      <Filter>Source Files</Filter>
    </ClCompile>
  </ItemGroup>
  <ItemGroup>
    <CustomBuild Include="F:\VTK8.0\VTK\Rendering\Volume\Testing\Cxx\CMakeLists.txt" />
  </ItemGroup>
  <ItemGroup>
    <Filter Include="Source Files">
      <UniqueIdentifier>{797F6FAB-C225-346D-8F45-B54B8994F519}</UniqueIdentifier>
    </Filter>
  </ItemGroup>
</Project>
