<?xml version="1.0" encoding="UTF-8"?>
<Project ToolsVersion="12.0" xmlns="http://schemas.microsoft.com/developer/msbuild/2003">
  <ItemGroup>
    <ClCompile Include="F:\VTK8.0\VTK\Rendering\Label\vtkLabeledDataMapper.cxx">
      <Filter>Source Files</Filter>
    </ClCompile>
    <ClCompile Include="F:\VTK8.0\VTK\Rendering\Label\vtkLabeledTreeMapDataMapper.cxx">
      <Filter>Source Files</Filter>
    </ClCompile>
    <ClCompile Include="F:\VTK8.0\VTK\Rendering\Label\vtkLabelHierarchyAlgorithm.cxx">
      <Filter>Source Files</Filter>
    </ClCompile>
    <ClCompile Include="F:\VTK8.0\VTK\Rendering\Label\vtkLabelHierarchyCompositeIterator.cxx">
      <Filter>Source Files</Filter>
    </ClCompile>
    <ClCompile Include="F:\VTK8.0\VTK\Rendering\Label\vtkLabelHierarchy.cxx">
      <Filter>Source Files</Filter>
    </ClCompile>
    <ClCompile Include="F:\VTK8.0\VTK\Rendering\Label\vtkLabelHierarchyIterator.cxx">
      <Filter>Source Files</Filter>
    </ClCompile>
    <ClCompile Include="F:\VTK8.0\VTK\Rendering\Label\vtkLabelPlacementMapper.cxx">
      <Filter>Source Files</Filter>
    </ClCompile>
    <ClCompile Include="F:\VTK8.0\VTK\Rendering\Label\vtkLabelPlacer.cxx">
      <Filter>Source Files</Filter>
    </ClCompile>
    <ClCompile Include="F:\VTK8.0\VTK\Rendering\Label\vtkLabelRenderStrategy.cxx">
      <Filter>Source Files</Filter>
    </ClCompile>
    <ClCompile Include="F:\VTK8.0\VTK\Rendering\Label\vtkLabelSizeCalculator.cxx">
      <Filter>Source Files</Filter>
    </ClCompile>
    <ClCompile Include="F:\VTK8.0\VTK\Rendering\Label\vtkFreeTypeLabelRenderStrategy.cxx">
      <Filter>Source Files</Filter>
    </ClCompile>
    <ClCompile Include="F:\VTK8.0\VTK\Rendering\Label\vtkDynamic2DLabelMapper.cxx">
      <Filter>Source Files</Filter>
    </ClCompile>
    <ClCompile Include="F:\VTK8.0\VTK\Rendering\Label\vtkPointSetToLabelHierarchy.cxx">
      <Filter>Source Files</Filter>
    </ClCompile>
  </ItemGroup>
  <ItemGroup>
    <ClInclude Include="F:\VTK8.0\VTK\Rendering\Label\vtkLabeledDataMapper.h">
      <Filter>Header Files</Filter>
    </ClInclude>
    <ClInclude Include="F:\VTK8.0\VTK\Rendering\Label\vtkLabeledTreeMapDataMapper.h">
      <Filter>Header Files</Filter>
    </ClInclude>
    <ClInclude Include="F:\VTK8.0\VTK\Rendering\Label\vtkLabelHierarchyAlgorithm.h">
      <Filter>Header Files</Filter>
    </ClInclude>
    <ClInclude Include="F:\VTK8.0\VTK\Rendering\Label\vtkLabelHierarchyCompositeIterator.h">
      <Filter>Header Files</Filter>
    </ClInclude>
    <ClInclude Include="F:\VTK8.0\VTK\Rendering\Label\vtkLabelHierarchy.h">
      <Filter>Header Files</Filter>
    </ClInclude>
    <ClInclude Include="F:\VTK8.0\VTK\Rendering\Label\vtkLabelHierarchyIterator.h">
      <Filter>Header Files</Filter>
    </ClInclude>
    <ClInclude Include="F:\VTK8.0\VTK\Rendering\Label\vtkLabelPlacementMapper.h">
      <Filter>Header Files</Filter>
    </ClInclude>
    <ClInclude Include="F:\VTK8.0\VTK\Rendering\Label\vtkLabelPlacer.h">
      <Filter>Header Files</Filter>
    </ClInclude>
    <ClInclude Include="F:\VTK8.0\VTK\Rendering\Label\vtkLabelRenderStrategy.h">
      <Filter>Header Files</Filter>
    </ClInclude>
    <ClInclude Include="F:\VTK8.0\VTK\Rendering\Label\vtkLabelSizeCalculator.h">
      <Filter>Header Files</Filter>
    </ClInclude>
    <ClInclude Include="F:\VTK8.0\VTK\Rendering\Label\vtkFreeTypeLabelRenderStrategy.h">
      <Filter>Header Files</Filter>
    </ClInclude>
    <ClInclude Include="F:\VTK8.0\VTK\Rendering\Label\vtkDynamic2DLabelMapper.h">
      <Filter>Header Files</Filter>
    </ClInclude>
    <ClInclude Include="F:\VTK8.0\VTK\Rendering\Label\vtkPointSetToLabelHierarchy.h">
      <Filter>Header Files</Filter>
    </ClInclude>
    <ClInclude Include="F:\vtk\Rendering\Label\vtkRenderingLabelModule.h">
      <Filter>Header Files</Filter>
    </ClInclude>
  </ItemGroup>
  <ItemGroup>
    <CustomBuild Include="F:\VTK8.0\VTK\Rendering\Label\CMakeLists.txt" />
  </ItemGroup>
  <ItemGroup>
    <Filter Include="Source Files">
      <UniqueIdentifier>{797F6FAB-C225-346D-8F45-B54B8994F519}</UniqueIdentifier>
    </Filter>
    <Filter Include="Header Files">
      <UniqueIdentifier>{125DA297-9B08-34EA-A198-AED9CB8F7BC5}</UniqueIdentifier>
    </Filter>
  </ItemGroup>
</Project>
