<?xml version="1.0" encoding="UTF-8"?>
<Project ToolsVersion="12.0" xmlns="http://schemas.microsoft.com/developer/msbuild/2003">
  <ItemGroup>
    <CustomBuild Include="F:\vtk\CMakeFiles\223afe75f1c64428a547b4add1d4ef2b\RUN_TESTS_force.rule">
      <Filter>CMake Rules</Filter>
    </CustomBuild>
  </ItemGroup>
  <ItemGroup>
    <Filter Include="CMake Rules">
      <UniqueIdentifier>{6C2E90FE-9A53-3398-9EBD-4139E56E5874}</UniqueIdentifier>
    </Filter>
  </ItemGroup>
</Project>
