<?xml version="1.0" encoding="UTF-8"?>
<Project ToolsVersion="12.0" xmlns="http://schemas.microsoft.com/developer/msbuild/2003">
  <ItemGroup>
    <ClCompile Include="F:\vtk\IO\Legacy\vtkCompositeDataReader.cxx">
      <Filter>Source Files</Filter>
    </ClCompile>
    <ClCompile Include="F:\vtk\IO\Legacy\vtkCompositeDataWriter.cxx">
      <Filter>Source Files</Filter>
    </ClCompile>
    <ClCompile Include="F:\vtk\IO\Legacy\vtkDataObjectReader.cxx">
      <Filter>Source Files</Filter>
    </ClCompile>
    <ClCompile Include="F:\vtk\IO\Legacy\vtkDataObjectWriter.cxx">
      <Filter>Source Files</Filter>
    </ClCompile>
    <ClCompile Include="F:\vtk\IO\Legacy\vtkDataReader.cxx">
      <Filter>Source Files</Filter>
    </ClCompile>
    <ClCompile Include="F:\vtk\IO\Legacy\vtkDataSetReader.cxx">
      <Filter>Source Files</Filter>
    </ClCompile>
    <ClCompile Include="F:\vtk\IO\Legacy\vtkDataSetWriter.cxx">
      <Filter>Source Files</Filter>
    </ClCompile>
    <ClCompile Include="F:\vtk\IO\Legacy\vtkDataWriter.cxx">
      <Filter>Source Files</Filter>
    </ClCompile>
    <ClCompile Include="F:\vtk\IO\Legacy\vtkGenericDataObjectReader.cxx">
      <Filter>Source Files</Filter>
    </ClCompile>
    <ClCompile Include="F:\vtk\IO\Legacy\vtkGenericDataObjectWriter.cxx">
      <Filter>Source Files</Filter>
    </ClCompile>
    <ClCompile Include="F:\vtk\IO\Legacy\vtkGraphReader.cxx">
      <Filter>Source Files</Filter>
    </ClCompile>
    <ClCompile Include="F:\vtk\IO\Legacy\vtkGraphWriter.cxx">
      <Filter>Source Files</Filter>
    </ClCompile>
    <ClCompile Include="F:\vtk\IO\Legacy\vtkPixelExtentIO.cxx">
      <Filter>Source Files</Filter>
    </ClCompile>
    <ClCompile Include="F:\vtk\IO\Legacy\vtkPolyDataReader.cxx">
      <Filter>Source Files</Filter>
    </ClCompile>
    <ClCompile Include="F:\vtk\IO\Legacy\vtkPolyDataWriter.cxx">
      <Filter>Source Files</Filter>
    </ClCompile>
    <ClCompile Include="F:\vtk\IO\Legacy\vtkRectilinearGridReader.cxx">
      <Filter>Source Files</Filter>
    </ClCompile>
    <ClCompile Include="F:\vtk\IO\Legacy\vtkRectilinearGridWriter.cxx">
      <Filter>Source Files</Filter>
    </ClCompile>
    <ClCompile Include="F:\vtk\IO\Legacy\vtkSimplePointsReader.cxx">
      <Filter>Source Files</Filter>
    </ClCompile>
    <ClCompile Include="F:\vtk\IO\Legacy\vtkSimplePointsWriter.cxx">
      <Filter>Source Files</Filter>
    </ClCompile>
    <ClCompile Include="F:\vtk\IO\Legacy\vtkStructuredGridReader.cxx">
      <Filter>Source Files</Filter>
    </ClCompile>
    <ClCompile Include="F:\vtk\IO\Legacy\vtkStructuredGridWriter.cxx">
      <Filter>Source Files</Filter>
    </ClCompile>
    <ClCompile Include="F:\vtk\IO\Legacy\vtkStructuredPointsReader.cxx">
      <Filter>Source Files</Filter>
    </ClCompile>
    <ClCompile Include="F:\vtk\IO\Legacy\vtkStructuredPointsWriter.cxx">
      <Filter>Source Files</Filter>
    </ClCompile>
    <ClCompile Include="F:\vtk\IO\Legacy\vtkTableReader.cxx">
      <Filter>Source Files</Filter>
    </ClCompile>
    <ClCompile Include="F:\vtk\IO\Legacy\vtkTableWriter.cxx">
      <Filter>Source Files</Filter>
    </ClCompile>
    <ClCompile Include="F:\vtk\IO\Legacy\vtkTreeReader.cxx">
      <Filter>Source Files</Filter>
    </ClCompile>
    <ClCompile Include="F:\vtk\IO\Legacy\vtkTreeWriter.cxx">
      <Filter>Source Files</Filter>
    </ClCompile>
    <ClCompile Include="F:\vtk\IO\Legacy\vtkUnstructuredGridReader.cxx">
      <Filter>Source Files</Filter>
    </ClCompile>
    <ClCompile Include="F:\vtk\IO\Legacy\vtkUnstructuredGridWriter.cxx">
      <Filter>Source Files</Filter>
    </ClCompile>
  </ItemGroup>
  <ItemGroup>
    <ClInclude Include="F:\vtk\IO\Legacy\vtkCompositeDataReader.h">
      <Filter>Header Files</Filter>
    </ClInclude>
    <ClInclude Include="F:\vtk\IO\Legacy\vtkCompositeDataWriter.h">
      <Filter>Header Files</Filter>
    </ClInclude>
    <ClInclude Include="F:\vtk\IO\Legacy\vtkDataObjectReader.h">
      <Filter>Header Files</Filter>
    </ClInclude>
    <ClInclude Include="F:\vtk\IO\Legacy\vtkDataObjectWriter.h">
      <Filter>Header Files</Filter>
    </ClInclude>
    <ClInclude Include="F:\vtk\IO\Legacy\vtkDataReader.h">
      <Filter>Header Files</Filter>
    </ClInclude>
    <ClInclude Include="F:\vtk\IO\Legacy\vtkDataSetReader.h">
      <Filter>Header Files</Filter>
    </ClInclude>
    <ClInclude Include="F:\vtk\IO\Legacy\vtkDataSetWriter.h">
      <Filter>Header Files</Filter>
    </ClInclude>
    <ClInclude Include="F:\vtk\IO\Legacy\vtkDataWriter.h">
      <Filter>Header Files</Filter>
    </ClInclude>
    <ClInclude Include="F:\vtk\IO\Legacy\vtkGenericDataObjectReader.h">
      <Filter>Header Files</Filter>
    </ClInclude>
    <ClInclude Include="F:\vtk\IO\Legacy\vtkGenericDataObjectWriter.h">
      <Filter>Header Files</Filter>
    </ClInclude>
    <ClInclude Include="F:\vtk\IO\Legacy\vtkGraphReader.h">
      <Filter>Header Files</Filter>
    </ClInclude>
    <ClInclude Include="F:\vtk\IO\Legacy\vtkGraphWriter.h">
      <Filter>Header Files</Filter>
    </ClInclude>
    <ClInclude Include="F:\vtk\IO\Legacy\vtkPixelExtentIO.h">
      <Filter>Header Files</Filter>
    </ClInclude>
    <ClInclude Include="F:\vtk\IO\Legacy\vtkPolyDataReader.h">
      <Filter>Header Files</Filter>
    </ClInclude>
    <ClInclude Include="F:\vtk\IO\Legacy\vtkPolyDataWriter.h">
      <Filter>Header Files</Filter>
    </ClInclude>
    <ClInclude Include="F:\vtk\IO\Legacy\vtkRectilinearGridReader.h">
      <Filter>Header Files</Filter>
    </ClInclude>
    <ClInclude Include="F:\vtk\IO\Legacy\vtkRectilinearGridWriter.h">
      <Filter>Header Files</Filter>
    </ClInclude>
    <ClInclude Include="F:\vtk\IO\Legacy\vtkSimplePointsReader.h">
      <Filter>Header Files</Filter>
    </ClInclude>
    <ClInclude Include="F:\vtk\IO\Legacy\vtkSimplePointsWriter.h">
      <Filter>Header Files</Filter>
    </ClInclude>
    <ClInclude Include="F:\vtk\IO\Legacy\vtkStructuredGridReader.h">
      <Filter>Header Files</Filter>
    </ClInclude>
    <ClInclude Include="F:\vtk\IO\Legacy\vtkStructuredGridWriter.h">
      <Filter>Header Files</Filter>
    </ClInclude>
    <ClInclude Include="F:\vtk\IO\Legacy\vtkStructuredPointsReader.h">
      <Filter>Header Files</Filter>
    </ClInclude>
    <ClInclude Include="F:\vtk\IO\Legacy\vtkStructuredPointsWriter.h">
      <Filter>Header Files</Filter>
    </ClInclude>
    <ClInclude Include="F:\vtk\IO\Legacy\vtkTableReader.h">
      <Filter>Header Files</Filter>
    </ClInclude>
    <ClInclude Include="F:\vtk\IO\Legacy\vtkTableWriter.h">
      <Filter>Header Files</Filter>
    </ClInclude>
    <ClInclude Include="F:\vtk\IO\Legacy\vtkTreeReader.h">
      <Filter>Header Files</Filter>
    </ClInclude>
    <ClInclude Include="F:\vtk\IO\Legacy\vtkTreeWriter.h">
      <Filter>Header Files</Filter>
    </ClInclude>
    <ClInclude Include="F:\vtk\IO\Legacy\vtkUnstructuredGridReader.h">
      <Filter>Header Files</Filter>
    </ClInclude>
    <ClInclude Include="F:\vtk\IO\Legacy\vtkUnstructuredGridWriter.h">
      <Filter>Header Files</Filter>
    </ClInclude>
    <ClInclude Include="F:\vtk\IO\Legacy\vtkIOLegacyModule.h">
      <Filter>Header Files</Filter>
    </ClInclude>
  </ItemGroup>
  <ItemGroup>
    <CustomBuild Include="F:\vtk\IO\Legacy\CMakeLists.txt" />
  </ItemGroup>
  <ItemGroup>
    <Filter Include="Source Files">
      <UniqueIdentifier>{797F6FAB-C225-346D-8F45-B54B8994F519}</UniqueIdentifier>
    </Filter>
    <Filter Include="Header Files">
      <UniqueIdentifier>{125DA297-9B08-34EA-A198-AED9CB8F7BC5}</UniqueIdentifier>
    </Filter>
  </ItemGroup>
</Project>
