<?xml version="1.0" encoding="UTF-8"?>
<Project ToolsVersion="12.0" xmlns="http://schemas.microsoft.com/developer/msbuild/2003">
  <ItemGroup>
    <ClCompile Include="F:\vtk\Rendering\Annotation\Testing\Cxx\vtkRenderingAnnotationCxxTests.cxx">
      <Filter>Source Files</Filter>
    </ClCompile>
    <ClCompile Include="F:\VTK8.0\VTK\Rendering\Annotation\Testing\Cxx\TestAxisActor.cxx">
      <Filter>Source Files</Filter>
    </ClCompile>
    <ClCompile Include="F:\VTK8.0\VTK\Rendering\Annotation\Testing\Cxx\TestAxisActor2D.cxx">
      <Filter>Source Files</Filter>
    </ClCompile>
    <ClCompile Include="F:\VTK8.0\VTK\Rendering\Annotation\Testing\Cxx\TestAxisActor3D.cxx">
      <Filter>Source Files</Filter>
    </ClCompile>
    <ClCompile Include="F:\VTK8.0\VTK\Rendering\Annotation\Testing\Cxx\TestAxisActorText3D.cxx">
      <Filter>Source Files</Filter>
    </ClCompile>
    <ClCompile Include="F:\VTK8.0\VTK\Rendering\Annotation\Testing\Cxx\TestBarChartActor.cxx">
      <Filter>Source Files</Filter>
    </ClCompile>
    <ClCompile Include="F:\VTK8.0\VTK\Rendering\Annotation\Testing\Cxx\TestCaptionActor2D.cxx">
      <Filter>Source Files</Filter>
    </ClCompile>
    <ClCompile Include="F:\VTK8.0\VTK\Rendering\Annotation\Testing\Cxx\TestConvexHull2D.cxx">
      <Filter>Source Files</Filter>
    </ClCompile>
    <ClCompile Include="F:\VTK8.0\VTK\Rendering\Annotation\Testing\Cxx\TestCornerAnnotation.cxx">
      <Filter>Source Files</Filter>
    </ClCompile>
    <ClCompile Include="F:\VTK8.0\VTK\Rendering\Annotation\Testing\Cxx\TestCubeAxes2DMode.cxx">
      <Filter>Source Files</Filter>
    </ClCompile>
    <ClCompile Include="F:\VTK8.0\VTK\Rendering\Annotation\Testing\Cxx\TestCubeAxes3.cxx">
      <Filter>Source Files</Filter>
    </ClCompile>
    <ClCompile Include="F:\VTK8.0\VTK\Rendering\Annotation\Testing\Cxx\TestCubeAxesInnerGridAll.cxx">
      <Filter>Source Files</Filter>
    </ClCompile>
    <ClCompile Include="F:\VTK8.0\VTK\Rendering\Annotation\Testing\Cxx\TestCubeAxesInnerGridClosest.cxx">
      <Filter>Source Files</Filter>
    </ClCompile>
    <ClCompile Include="F:\VTK8.0\VTK\Rendering\Annotation\Testing\Cxx\TestCubeAxesInnerGridFurthest.cxx">
      <Filter>Source Files</Filter>
    </ClCompile>
    <ClCompile Include="F:\VTK8.0\VTK\Rendering\Annotation\Testing\Cxx\TestCubeAxesIntersectionPoint.cxx">
      <Filter>Source Files</Filter>
    </ClCompile>
    <ClCompile Include="F:\VTK8.0\VTK\Rendering\Annotation\Testing\Cxx\TestCubeAxesOrientedBoundingBox.cxx">
      <Filter>Source Files</Filter>
    </ClCompile>
    <ClCompile Include="F:\VTK8.0\VTK\Rendering\Annotation\Testing\Cxx\TestCubeAxesSticky.cxx">
      <Filter>Source Files</Filter>
    </ClCompile>
    <ClCompile Include="F:\VTK8.0\VTK\Rendering\Annotation\Testing\Cxx\TestCubeAxesStickyCentered.cxx">
      <Filter>Source Files</Filter>
    </ClCompile>
    <ClCompile Include="F:\VTK8.0\VTK\Rendering\Annotation\Testing\Cxx\TestCubeAxesWithGridLines.cxx">
      <Filter>Source Files</Filter>
    </ClCompile>
    <ClCompile Include="F:\VTK8.0\VTK\Rendering\Annotation\Testing\Cxx\TestCubeAxesWithXInnerGrids.cxx">
      <Filter>Source Files</Filter>
    </ClCompile>
    <ClCompile Include="F:\VTK8.0\VTK\Rendering\Annotation\Testing\Cxx\TestCubeAxesWithXInnerPolys.cxx">
      <Filter>Source Files</Filter>
    </ClCompile>
    <ClCompile Include="F:\VTK8.0\VTK\Rendering\Annotation\Testing\Cxx\TestCubeAxesWithXLines.cxx">
      <Filter>Source Files</Filter>
    </ClCompile>
    <ClCompile Include="F:\VTK8.0\VTK\Rendering\Annotation\Testing\Cxx\TestCubeAxesWithYInnerGrids.cxx">
      <Filter>Source Files</Filter>
    </ClCompile>
    <ClCompile Include="F:\VTK8.0\VTK\Rendering\Annotation\Testing\Cxx\TestCubeAxesWithYInnerPolys.cxx">
      <Filter>Source Files</Filter>
    </ClCompile>
    <ClCompile Include="F:\VTK8.0\VTK\Rendering\Annotation\Testing\Cxx\TestCubeAxesWithYLines.cxx">
      <Filter>Source Files</Filter>
    </ClCompile>
    <ClCompile Include="F:\VTK8.0\VTK\Rendering\Annotation\Testing\Cxx\TestCubeAxesWithZInnerGrids.cxx">
      <Filter>Source Files</Filter>
    </ClCompile>
    <ClCompile Include="F:\VTK8.0\VTK\Rendering\Annotation\Testing\Cxx\TestCubeAxesWithZInnerPolys.cxx">
      <Filter>Source Files</Filter>
    </ClCompile>
    <ClCompile Include="F:\VTK8.0\VTK\Rendering\Annotation\Testing\Cxx\TestCubeAxesWithZLines.cxx">
      <Filter>Source Files</Filter>
    </ClCompile>
    <ClCompile Include="F:\VTK8.0\VTK\Rendering\Annotation\Testing\Cxx\TestEmptyCornerAnnotation.cxx">
      <Filter>Source Files</Filter>
    </ClCompile>
    <ClCompile Include="F:\VTK8.0\VTK\Rendering\Annotation\Testing\Cxx\TestLegendBoxActor.cxx">
      <Filter>Source Files</Filter>
    </ClCompile>
    <ClCompile Include="F:\VTK8.0\VTK\Rendering\Annotation\Testing\Cxx\TestLegendBoxActor2.cxx">
      <Filter>Source Files</Filter>
    </ClCompile>
    <ClCompile Include="F:\VTK8.0\VTK\Rendering\Annotation\Testing\Cxx\TestLegendScaleActor.cxx">
      <Filter>Source Files</Filter>
    </ClCompile>
    <ClCompile Include="F:\VTK8.0\VTK\Rendering\Annotation\Testing\Cxx\TestPieChartActor.cxx">
      <Filter>Source Files</Filter>
    </ClCompile>
    <ClCompile Include="F:\VTK8.0\VTK\Rendering\Annotation\Testing\Cxx\TestPolarAxes.cxx">
      <Filter>Source Files</Filter>
    </ClCompile>
    <ClCompile Include="F:\VTK8.0\VTK\Rendering\Annotation\Testing\Cxx\TestScalarBar.cxx">
      <Filter>Source Files</Filter>
    </ClCompile>
    <ClCompile Include="F:\VTK8.0\VTK\Rendering\Annotation\Testing\Cxx\TestScalarBarAboveBelow.cxx">
      <Filter>Source Files</Filter>
    </ClCompile>
    <ClCompile Include="F:\VTK8.0\VTK\Rendering\Annotation\Testing\Cxx\TestSpiderPlotActor.cxx">
      <Filter>Source Files</Filter>
    </ClCompile>
    <ClCompile Include="F:\VTK8.0\VTK\Rendering\Annotation\Testing\Cxx\TestXYPlotActor.cxx">
      <Filter>Source Files</Filter>
    </ClCompile>
  </ItemGroup>
  <ItemGroup>
    <CustomBuild Include="F:\VTK8.0\VTK\Rendering\Annotation\Testing\Cxx\CMakeLists.txt" />
  </ItemGroup>
  <ItemGroup>
    <Filter Include="Source Files">
      <UniqueIdentifier>{797F6FAB-C225-346D-8F45-B54B8994F519}</UniqueIdentifier>
    </Filter>
  </ItemGroup>
</Project>
