<?xml version="1.0" encoding="UTF-8"?>
<Project ToolsVersion="12.0" xmlns="http://schemas.microsoft.com/developer/msbuild/2003">
  <ItemGroup>
    <ClCompile Include="F:\vtk\IO\Geometry\vtkAVSucdReader.cxx">
      <Filter>Source Files</Filter>
    </ClCompile>
    <ClCompile Include="F:\vtk\IO\Geometry\vtkBYUReader.cxx">
      <Filter>Source Files</Filter>
    </ClCompile>
    <ClCompile Include="F:\vtk\IO\Geometry\vtkBYUWriter.cxx">
      <Filter>Source Files</Filter>
    </ClCompile>
    <ClCompile Include="F:\vtk\IO\Geometry\vtkChacoReader.cxx">
      <Filter>Source Files</Filter>
    </ClCompile>
    <ClCompile Include="F:\vtk\IO\Geometry\vtkFacetWriter.cxx">
      <Filter>Source Files</Filter>
    </ClCompile>
    <ClCompile Include="F:\vtk\IO\Geometry\vtkFLUENTReader.cxx">
      <Filter>Source Files</Filter>
    </ClCompile>
    <ClCompile Include="F:\vtk\IO\Geometry\vtkGAMBITReader.cxx">
      <Filter>Source Files</Filter>
    </ClCompile>
    <ClCompile Include="F:\vtk\IO\Geometry\vtkGaussianCubeReader.cxx">
      <Filter>Source Files</Filter>
    </ClCompile>
    <ClCompile Include="F:\vtk\IO\Geometry\vtkHoudiniPolyDataWriter.cxx">
      <Filter>Source Files</Filter>
    </ClCompile>
    <ClCompile Include="F:\vtk\IO\Geometry\vtkIVWriter.cxx">
      <Filter>Source Files</Filter>
    </ClCompile>
    <ClCompile Include="F:\vtk\IO\Geometry\vtkMCubesReader.cxx">
      <Filter>Source Files</Filter>
    </ClCompile>
    <ClCompile Include="F:\vtk\IO\Geometry\vtkMCubesWriter.cxx">
      <Filter>Source Files</Filter>
    </ClCompile>
    <ClCompile Include="F:\vtk\IO\Geometry\vtkMFIXReader.cxx">
      <Filter>Source Files</Filter>
    </ClCompile>
    <ClCompile Include="F:\vtk\IO\Geometry\vtkMoleculeReaderBase.cxx">
      <Filter>Source Files</Filter>
    </ClCompile>
    <ClCompile Include="F:\vtk\IO\Geometry\vtkOBJReader.cxx">
      <Filter>Source Files</Filter>
    </ClCompile>
    <ClCompile Include="F:\vtk\IO\Geometry\vtkOpenFOAMReader.cxx">
      <Filter>Source Files</Filter>
    </ClCompile>
    <ClCompile Include="F:\vtk\IO\Geometry\vtkParticleReader.cxx">
      <Filter>Source Files</Filter>
    </ClCompile>
    <ClCompile Include="F:\vtk\IO\Geometry\vtkPDBReader.cxx">
      <Filter>Source Files</Filter>
    </ClCompile>
    <ClCompile Include="F:\vtk\IO\Geometry\vtkProStarReader.cxx">
      <Filter>Source Files</Filter>
    </ClCompile>
    <ClCompile Include="F:\vtk\IO\Geometry\vtkPTSReader.cxx">
      <Filter>Source Files</Filter>
    </ClCompile>
    <ClCompile Include="F:\vtk\IO\Geometry\vtkSTLReader.cxx">
      <Filter>Source Files</Filter>
    </ClCompile>
    <ClCompile Include="F:\vtk\IO\Geometry\vtkSTLWriter.cxx">
      <Filter>Source Files</Filter>
    </ClCompile>
    <ClCompile Include="F:\vtk\IO\Geometry\vtkTecplotReader.cxx">
      <Filter>Source Files</Filter>
    </ClCompile>
    <ClCompile Include="F:\vtk\IO\Geometry\vtkUGFacetReader.cxx">
      <Filter>Source Files</Filter>
    </ClCompile>
    <ClCompile Include="F:\vtk\IO\Geometry\vtkWindBladeReader.cxx">
      <Filter>Source Files</Filter>
    </ClCompile>
    <ClCompile Include="F:\vtk\IO\Geometry\vtkXYZMolReader.cxx">
      <Filter>Source Files</Filter>
    </ClCompile>
  </ItemGroup>
  <ItemGroup>
    <ClInclude Include="F:\vtk\IO\Geometry\vtkAVSucdReader.h">
      <Filter>Header Files</Filter>
    </ClInclude>
    <ClInclude Include="F:\vtk\IO\Geometry\vtkBYUReader.h">
      <Filter>Header Files</Filter>
    </ClInclude>
    <ClInclude Include="F:\vtk\IO\Geometry\vtkBYUWriter.h">
      <Filter>Header Files</Filter>
    </ClInclude>
    <ClInclude Include="F:\vtk\IO\Geometry\vtkChacoReader.h">
      <Filter>Header Files</Filter>
    </ClInclude>
    <ClInclude Include="F:\vtk\IO\Geometry\vtkFacetWriter.h">
      <Filter>Header Files</Filter>
    </ClInclude>
    <ClInclude Include="F:\vtk\IO\Geometry\vtkFLUENTReader.h">
      <Filter>Header Files</Filter>
    </ClInclude>
    <ClInclude Include="F:\vtk\IO\Geometry\vtkGAMBITReader.h">
      <Filter>Header Files</Filter>
    </ClInclude>
    <ClInclude Include="F:\vtk\IO\Geometry\vtkGaussianCubeReader.h">
      <Filter>Header Files</Filter>
    </ClInclude>
    <ClInclude Include="F:\vtk\IO\Geometry\vtkHoudiniPolyDataWriter.h">
      <Filter>Header Files</Filter>
    </ClInclude>
    <ClInclude Include="F:\vtk\IO\Geometry\vtkIVWriter.h">
      <Filter>Header Files</Filter>
    </ClInclude>
    <ClInclude Include="F:\vtk\IO\Geometry\vtkMCubesReader.h">
      <Filter>Header Files</Filter>
    </ClInclude>
    <ClInclude Include="F:\vtk\IO\Geometry\vtkMCubesWriter.h">
      <Filter>Header Files</Filter>
    </ClInclude>
    <ClInclude Include="F:\vtk\IO\Geometry\vtkMFIXReader.h">
      <Filter>Header Files</Filter>
    </ClInclude>
    <ClInclude Include="F:\vtk\IO\Geometry\vtkMoleculeReaderBase.h">
      <Filter>Header Files</Filter>
    </ClInclude>
    <ClInclude Include="F:\vtk\IO\Geometry\vtkOBJReader.h">
      <Filter>Header Files</Filter>
    </ClInclude>
    <ClInclude Include="F:\vtk\IO\Geometry\vtkOpenFOAMReader.h">
      <Filter>Header Files</Filter>
    </ClInclude>
    <ClInclude Include="F:\vtk\IO\Geometry\vtkParticleReader.h">
      <Filter>Header Files</Filter>
    </ClInclude>
    <ClInclude Include="F:\vtk\IO\Geometry\vtkPDBReader.h">
      <Filter>Header Files</Filter>
    </ClInclude>
    <ClInclude Include="F:\vtk\IO\Geometry\vtkProStarReader.h">
      <Filter>Header Files</Filter>
    </ClInclude>
    <ClInclude Include="F:\vtk\IO\Geometry\vtkPTSReader.h">
      <Filter>Header Files</Filter>
    </ClInclude>
    <ClInclude Include="F:\vtk\IO\Geometry\vtkSTLReader.h">
      <Filter>Header Files</Filter>
    </ClInclude>
    <ClInclude Include="F:\vtk\IO\Geometry\vtkSTLWriter.h">
      <Filter>Header Files</Filter>
    </ClInclude>
    <ClInclude Include="F:\vtk\IO\Geometry\vtkTecplotReader.h">
      <Filter>Header Files</Filter>
    </ClInclude>
    <ClInclude Include="F:\vtk\IO\Geometry\vtkUGFacetReader.h">
      <Filter>Header Files</Filter>
    </ClInclude>
    <ClInclude Include="F:\vtk\IO\Geometry\vtkWindBladeReader.h">
      <Filter>Header Files</Filter>
    </ClInclude>
    <ClInclude Include="F:\vtk\IO\Geometry\vtkXYZMolReader.h">
      <Filter>Header Files</Filter>
    </ClInclude>
    <ClInclude Include="F:\vtk\IO\Geometry\vtkIOGeometryModule.h">
      <Filter>Header Files</Filter>
    </ClInclude>
  </ItemGroup>
  <ItemGroup>
    <CustomBuild Include="F:\vtk\IO\Geometry\CMakeLists.txt" />
  </ItemGroup>
  <ItemGroup>
    <Filter Include="Source Files">
      <UniqueIdentifier>{797F6FAB-C225-346D-8F45-B54B8994F519}</UniqueIdentifier>
    </Filter>
    <Filter Include="Header Files">
      <UniqueIdentifier>{125DA297-9B08-34EA-A198-AED9CB8F7BC5}</UniqueIdentifier>
    </Filter>
  </ItemGroup>
</Project>
