<?xml version="1.0" encoding="UTF-8"?>
<Project ToolsVersion="12.0" xmlns="http://schemas.microsoft.com/developer/msbuild/2003">
  <ItemGroup>
    <ClCompile Include="F:\vtk\IO\MINC\vtkMINCImageAttributes.cxx">
      <Filter>Source Files</Filter>
    </ClCompile>
    <ClCompile Include="F:\vtk\IO\MINC\vtkMINCImageReader.cxx">
      <Filter>Source Files</Filter>
    </ClCompile>
    <ClCompile Include="F:\vtk\IO\MINC\vtkMINCImageWriter.cxx">
      <Filter>Source Files</Filter>
    </ClCompile>
    <ClCompile Include="F:\vtk\IO\MINC\vtkMNIObjectReader.cxx">
      <Filter>Source Files</Filter>
    </ClCompile>
    <ClCompile Include="F:\vtk\IO\MINC\vtkMNIObjectWriter.cxx">
      <Filter>Source Files</Filter>
    </ClCompile>
    <ClCompile Include="F:\vtk\IO\MINC\vtkMNITagPointReader.cxx">
      <Filter>Source Files</Filter>
    </ClCompile>
    <ClCompile Include="F:\vtk\IO\MINC\vtkMNITagPointWriter.cxx">
      <Filter>Source Files</Filter>
    </ClCompile>
    <ClCompile Include="F:\vtk\IO\MINC\vtkMNITransformReader.cxx">
      <Filter>Source Files</Filter>
    </ClCompile>
    <ClCompile Include="F:\vtk\IO\MINC\vtkMNITransformWriter.cxx">
      <Filter>Source Files</Filter>
    </ClCompile>
  </ItemGroup>
  <ItemGroup>
    <ClInclude Include="F:\vtk\IO\MINC\vtkMINC.h">
      <Filter>Header Files</Filter>
    </ClInclude>
    <ClInclude Include="F:\vtk\IO\MINC\vtkMINCImageAttributes.h">
      <Filter>Header Files</Filter>
    </ClInclude>
    <ClInclude Include="F:\vtk\IO\MINC\vtkMINCImageReader.h">
      <Filter>Header Files</Filter>
    </ClInclude>
    <ClInclude Include="F:\vtk\IO\MINC\vtkMINCImageWriter.h">
      <Filter>Header Files</Filter>
    </ClInclude>
    <ClInclude Include="F:\vtk\IO\MINC\vtkMNIObjectReader.h">
      <Filter>Header Files</Filter>
    </ClInclude>
    <ClInclude Include="F:\vtk\IO\MINC\vtkMNIObjectWriter.h">
      <Filter>Header Files</Filter>
    </ClInclude>
    <ClInclude Include="F:\vtk\IO\MINC\vtkMNITagPointReader.h">
      <Filter>Header Files</Filter>
    </ClInclude>
    <ClInclude Include="F:\vtk\IO\MINC\vtkMNITagPointWriter.h">
      <Filter>Header Files</Filter>
    </ClInclude>
    <ClInclude Include="F:\vtk\IO\MINC\vtkMNITransformReader.h">
      <Filter>Header Files</Filter>
    </ClInclude>
    <ClInclude Include="F:\vtk\IO\MINC\vtkMNITransformWriter.h">
      <Filter>Header Files</Filter>
    </ClInclude>
    <ClInclude Include="F:\vtk\IO\MINC\vtkIOMINCModule.h">
      <Filter>Header Files</Filter>
    </ClInclude>
  </ItemGroup>
  <ItemGroup>
    <CustomBuild Include="F:\vtk\IO\MINC\CMakeLists.txt" />
  </ItemGroup>
  <ItemGroup>
    <Filter Include="Source Files">
      <UniqueIdentifier>{797F6FAB-C225-346D-8F45-B54B8994F519}</UniqueIdentifier>
    </Filter>
    <Filter Include="Header Files">
      <UniqueIdentifier>{125DA297-9B08-34EA-A198-AED9CB8F7BC5}</UniqueIdentifier>
    </Filter>
  </ItemGroup>
</Project>
