<?xml version="1.0" encoding="UTF-8"?>
<Project ToolsVersion="12.0" xmlns="http://schemas.microsoft.com/developer/msbuild/2003">
  <ItemGroup>
    <ClCompile Include="F:\vtk\IO\Export\Testing\Cxx\vtkIOExportCxxTests.cxx">
      <Filter>Source Files</Filter>
    </ClCompile>
    <ClCompile Include="F:\vtk\IO\Export\Testing\Cxx\X3DTest.cxx">
      <Filter>Source Files</Filter>
    </ClCompile>
    <ClCompile Include="F:\vtk\IO\Export\Testing\Cxx\TestOBJExporter.cxx">
      <Filter>Source Files</Filter>
    </ClCompile>
    <ClCompile Include="F:\vtk\IO\Export\Testing\Cxx\TestRIBExporter.cxx">
      <Filter>Source Files</Filter>
    </ClCompile>
    <ClCompile Include="F:\vtk\IO\Export\Testing\Cxx\UnitTestRIB.cxx">
      <Filter>Source Files</Filter>
    </ClCompile>
  </ItemGroup>
  <ItemGroup>
    <CustomBuild Include="F:\vtk\IO\Export\Testing\Cxx\CMakeLists.txt" />
  </ItemGroup>
  <ItemGroup>
    <Filter Include="Source Files">
      <UniqueIdentifier>{797F6FAB-C225-346D-8F45-B54B8994F519}</UniqueIdentifier>
    </Filter>
  </ItemGroup>
</Project>
